<?xml version="1.0" encoding="utf-8"?>
<Project ToolsVersion="4.0" xmlns="http://schemas.microsoft.com/developer/msbuild/2003">
  <ItemGroup>
    <Filter Include="NewFilter1">
      <UniqueIdentifier>{f7ccc0aa-f167-4405-bf63-c3766cfbb6b5}</UniqueIdentifier>
    </Filter>
  </ItemGroup>
  <ItemGroup>
    <ClCompile Include="source\main.cpp" />
    <ClCompile Include="source\stateMachine.cpp" />
    <ClCompile Include="source\object.cpp" />
    <ClCompile Include="source\button.cpp" />
    <ClCompile Include="source\gameState.cpp" />
    <ClCompile Include="source\menu.cpp" />
    <ClCompile Include="source\singlePlayerSettings.cpp" />
    <ClCompile Include="source\card.cpp" />
    <ClCompile Include="source\cards\card_ace.cpp" />
    <ClCompile Include="source\cards\card_eight.cpp" />
    <ClCompile Include="source\cards\card_five.cpp" />
    <ClCompile Include="source\cards\card_four.cpp" />
    <ClCompile Include="source\cards\card_jack.cpp" />
    <ClCompile Include="source\cards\card_king.cpp" />
    <ClCompile Include="source\cards\card_nine.cpp" />
    <ClCompile Include="source\cards\card_queen.cpp" />
    <ClCompile Include="source\cards\card_seven.cpp" />
    <ClCompile Include="source\cards\card_six.cpp" />
    <ClCompile Include="source\cards\card_two.cpp" />
    <ClCompile Include="source\cards\card_three.cpp" />
    <ClCompile Include="source\cards\card_ten.cpp" />
    <ClCompile Include="source\game.cpp" />
    <ClCompile Include="source\singlePlayer.cpp" />
    <ClCompile Include="source\AI.cpp" />
    <ClCompile Include="source\endgame.cpp" />
  </ItemGroup>
  <ItemGroup>
    <ClInclude Include="source\headers\object.h" />
    <ClInclude Include="source\headers\button.h" />
    <ClInclude Include="source\headers\stateMachine.h" />
    <ClInclude Include="source\headers\gameState.h" />
    <ClInclude Include="source\headers\menu.h" />
    <ClInclude Include="source\headers\singlePlayerSettings.h" />
    <ClInclude Include="source\headers\card.h" />
    <ClInclude Include="source\headers\cards\card_ace.h" />
    <ClInclude Include="source\headers\cards\card_eight.h" />
    <ClInclude Include="source\headers\cards\card_five.h" />
    <ClInclude Include="source\headers\cards\card_jack.h" />
    <ClInclude Include="source\headers\cards\card_four.h" />
    <ClInclude Include="source\headers\cards\card_nine.h" />
    <ClInclude Include="source\headers\cards\card_queen.h" />
    <ClInclude Include="source\headers\cards\card_seven.h" />
    <ClInclude Include="source\headers\cards\card_six.h" />
    <ClInclude Include="source\headers\cards\card_three.h" />
    <ClInclude Include="source\headers\cards\card_two.h" />
    <ClInclude Include="source\headers\cards\card_king.h" />
    <ClInclude Include="source\headers\cards\card_ten.h" />
    <ClInclude Include="source\headers\game.h" />
    <ClInclude Include="source\headers\singlePlayer.h" />
    <ClInclude Include="source\headers\AI.h" />
    <ClInclude Include="source\headers\endgame.h" />
  </ItemGroup>
</Project>