<?xml version="1.0" encoding="utf-8"?>
<Project ToolsVersion="4.0" xmlns="http://schemas.microsoft.com/developer/msbuild/2003">
  <ItemGroup>
    <Filter Include="GUI">
      <UniqueIdentifier>{2AEC870B-96F5-877C-1F71-9E7C8B79937C}</UniqueIdentifier>
    </Filter>
    <Filter Include="GameStates">
      <UniqueIdentifier>{13FF8A38-FFB6-CC85-68BE-A5E154956776}</UniqueIdentifier>
    </Filter>
    <Filter Include="headers">
      <UniqueIdentifier>{E12E153C-4D0E-94D7-5626-1FAEC284FA38}</UniqueIdentifier>
    </Filter>
    <Filter Include="headers\GUI">
      <UniqueIdentifier>{75B6FE8E-E16B-7784-6A60-715BD6146E88}</UniqueIdentifier>
    </Filter>
    <Filter Include="headers\GameStates">
      <UniqueIdentifier>{FEE683A4-EACA-44FA-532B-3F4D3F2E2F7C}</UniqueIdentifier>
    </Filter>
  </ItemGroup>
  <ItemGroup>
    <ClInclude Include="..\source\headers\AI.h">
      <Filter>headers</Filter>
    </ClInclude>
    <ClInclude Include="..\source\headers\GUI\Button.h">
      <Filter>headers\GUI</Filter>
    </ClInclude>
    <ClInclude Include="..\source\headers\GUI\Card.h">
      <Filter>headers\GUI</Filter>
    </ClInclude>
    <ClInclude Include="..\source\headers\GUI\Object.h">
      <Filter>headers\GUI</Filter>
    </ClInclude>
    <ClInclude Include="..\source\headers\GameStates\ChangeIP.h">
      <Filter>headers\GameStates</Filter>
    </ClInclude>
    <ClInclude Include="..\source\headers\GameStates\ChangeName.h">
      <Filter>headers\GameStates</Filter>
    </ClInclude>
    <ClInclude Include="..\source\headers\GameStates\Endgame.h">
      <Filter>headers\GameStates</Filter>
    </ClInclude>
    <ClInclude Include="..\source\headers\GameStates\Error.h">
      <Filter>headers\GameStates</Filter>
    </ClInclude>
    <ClInclude Include="..\source\headers\GameStates\Game.h">
      <Filter>headers\GameStates</Filter>
    </ClInclude>
    <ClInclude Include="..\source\headers\GameStates\GameState.h">
      <Filter>headers\GameStates</Filter>
    </ClInclude>
    <ClInclude Include="..\source\headers\GameStates\Instruction.h">
      <Filter>headers\GameStates</Filter>
    </ClInclude>
    <ClInclude Include="..\source\headers\GameStates\Menu.h">
      <Filter>headers\GameStates</Filter>
    </ClInclude>
    <ClInclude Include="..\source\headers\GameStates\MultiPlayer.h">
      <Filter>headers\GameStates</Filter>
    </ClInclude>
    <ClInclude Include="..\source\headers\GameStates\MultiPlayerSettings.h">
      <Filter>headers\GameStates</Filter>
    </ClInclude>
    <ClInclude Include="..\source\headers\GameStates\SetFigure.h">
      <Filter>headers\GameStates</Filter>
    </ClInclude>
    <ClInclude Include="..\source\headers\GameStates\SetSuit.h">
      <Filter>headers\GameStates</Filter>
    </ClInclude>
    <ClInclude Include="..\source\headers\GameStates\SinglePlayer.h">
      <Filter>headers\GameStates</Filter>
    </ClInclude>
    <ClInclude Include="..\source\headers\GameStates\SinglePlayerSettings.h">
      <Filter>headers\GameStates</Filter>
    </ClInclude>
    <ClInclude Include="..\source\headers\Resources.h">
      <Filter>headers</Filter>
    </ClInclude>
    <ClInclude Include="..\source\headers\StateMachine.h">
      <Filter>headers</Filter>
    </ClInclude>
  </ItemGroup>
  <ItemGroup>
    <ClCompile Include="..\source\AI.cpp" />
    <ClCompile Include="..\source\GUI\Button.cpp">
      <Filter>GUI</Filter>
    </ClCompile>
    <ClCompile Include="..\source\GUI\Card.cpp">
      <Filter>GUI</Filter>
    </ClCompile>
    <ClCompile Include="..\source\GUI\Object.cpp">
      <Filter>GUI</Filter>
    </ClCompile>
    <ClCompile Include="..\source\GameStates\ChangeIP.cpp">
      <Filter>GameStates</Filter>
    </ClCompile>
    <ClCompile Include="..\source\GameStates\ChangeName.cpp">
      <Filter>GameStates</Filter>
    </ClCompile>
    <ClCompile Include="..\source\GameStates\Endgame.cpp">
      <Filter>GameStates</Filter>
    </ClCompile>
    <ClCompile Include="..\source\GameStates\Error.cpp">
      <Filter>GameStates</Filter>
    </ClCompile>
    <ClCompile Include="..\source\GameStates\Game.cpp">
      <Filter>GameStates</Filter>
    </ClCompile>
    <ClCompile Include="..\source\GameStates\GameState.cpp">
      <Filter>GameStates</Filter>
    </ClCompile>
    <ClCompile Include="..\source\GameStates\Instruction.cpp">
      <Filter>GameStates</Filter>
    </ClCompile>
    <ClCompile Include="..\source\GameStates\Menu.cpp">
      <Filter>GameStates</Filter>
    </ClCompile>
    <ClCompile Include="..\source\GameStates\MultiPlayer.cpp">
      <Filter>GameStates</Filter>
    </ClCompile>
    <ClCompile Include="..\source\GameStates\MultiPlayerSettings.cpp">
      <Filter>GameStates</Filter>
    </ClCompile>
    <ClCompile Include="..\source\GameStates\SetFigure.cpp">
      <Filter>GameStates</Filter>
    </ClCompile>
    <ClCompile Include="..\source\GameStates\SetSuit.cpp">
      <Filter>GameStates</Filter>
    </ClCompile>
    <ClCompile Include="..\source\GameStates\SinglePlayer.cpp">
      <Filter>GameStates</Filter>
    </ClCompile>
    <ClCompile Include="..\source\GameStates\SinglePlayerSettings.cpp">
      <Filter>GameStates</Filter>
    </ClCompile>
    <ClCompile Include="..\source\Resources.cpp" />
    <ClCompile Include="..\source\StateMachine.cpp" />
    <ClCompile Include="..\source\main.cpp" />
  </ItemGroup>
</Project>